
Microsoft Visual Studio Solution File, Format Version 12.00
# Visual Studio Version 17
VisualStudioVersion = 17.9.34728.123
MinimumVisualStudioVersion = 10.0.40219.1
Project("{FAE04EC0-301F-11D3-BF4B-00C04F79EFBC}") = "blackjack", "blackjack\blackjack.csproj", "{2D8B8604-62E3-4F8F-8326-072EC6F60022}"
EndProject
Global
	GlobalSection(SolutionConfigurationPlatforms) = preSolution
		Debug|Any CPU = Debug|Any CPU
		Release|Any CPU = Release|Any CPU
	EndGlobalSection
	GlobalSection(ProjectConfigurationPlatforms) = postSolution
		{2D8B8604-62E3-4F8F-8326-072EC6F60022}.Debug|Any CPU.ActiveCfg = Debug|Any CPU
		{2D8B8604-62E3-4F8F-8326-072EC6F60022}.Debug|Any CPU.Build.0 = Debug|Any CPU
		{2D8B8604-62E3-4F8F-8326-072EC6F60022}.Release|Any CPU.ActiveCfg = Release|Any CPU
		{2D8B8604-62E3-4F8F-8326-072EC6F60022}.Release|Any CPU.Build.0 = Release|Any CPU
	EndGlobalSection
	GlobalSection(SolutionProperties) = preSolution
		HideSolutionNode = FALSE
	EndGlobalSection
	GlobalSection(ExtensibilityGlobals) = postSolution
		SolutionGuid = {32269761-28AF-4ED5-8D17-2E31A9DBFBBF}
	EndGlobalSection
EndGlobal
